// !$*UTF8*$!
{
	archiveVersion = 1;
	classes = {
	};
	objectVersion = 46;
	objects = {

/* Begin PBXBuildFile section */
		AD6A90711D8662330066895E /* AppDelegate.swift in Sources */ = {isa = PBXBuildFile; fileRef = AD6A90701D8662330066895E /* AppDelegate.swift */; };
		AD6A90731D8662330066895E /* ViewController.swift in Sources */ = {isa = PBXBuildFile; fileRef = AD6A90721D8662330066895E /* ViewController.swift */; };
		AD6A90761D8662330066895E /* Main.storyboard in Resources */ = {isa = PBXBuildFile; fileRef = AD6A90741D8662330066895E /* Main.storyboard */; };
		AD6A90781D8662330066895E /* Assets.xcassets in Resources */ = {isa = PBXBuildFile; fileRef = AD6A90771D8662330066895E /* Assets.xcassets */; };
		AD6A907B1D8662330066895E /* LaunchScreen.storyboard in Resources */ = {isa = PBXBuildFile; fileRef = AD6A90791D8662330066895E /* LaunchScreen.storyboard */; };
		AD6A90861D8662330066895E /* TipCalculatorTests.swift in Sources */ = {isa = PBXBuildFile; fileRef = AD6A90851D8662330066895E /* TipCalculatorTests.swift */; };
		AD6A90911D8662330066895E /* TipCalculatorUITests.swift in Sources */ = {isa = PBXBuildFile; fileRef = AD6A90901D8662330066895E /* TipCalculatorUITests.swift */; };
		AD6A90A11D86703B0066895E /* SettingViewController.swift in Sources */ = {isa = PBXBuildFile; fileRef = AD6A90A01D86703B0066895E /* SettingViewController.swift */; };
/* End PBXBuildFile section */

/* Begin PBXContainerItemProxy section */
		AD6A90821D8662330066895E /* PBXContainerItemProxy */ = {
			isa = PBXContainerItemProxy;
			containerPortal = AD6A90651D8662320066895E /* Project object */;
			proxyType = 1;
			remoteGlobalIDString = AD6A906C1D8662320066895E;
			remoteInfo = TipCalculator;
		};
		AD6A908D1D8662330066895E /* PBXContainerItemProxy */ = {
			isa = PBXContainerItemProxy;
			containerPortal = AD6A90651D8662320066895E /* Project object */;
			proxyType = 1;
			remoteGlobalIDString = AD6A906C1D8662320066895E;
			remoteInfo = TipCalculator;
		};
/* End PBXContainerItemProxy section */

/* Begin PBXFileReference section */
		AD6A906D1D8662330066895E /* TipCalculator.app */ = {isa = PBXFileReference; explicitFileType = wrapper.application; includeInIndex = 0; path = TipCalculator.app; sourceTree = BUILT_PRODUCTS_DIR; };
		AD6A90701D8662330066895E /* AppDelegate.swift */ = {isa = PBXFileReference; lastKnownFileType = sourcecode.swift; path = AppDelegate.swift; sourceTree = "<group>"; };
		AD6A90721D8662330066895E /* ViewController.swift */ = {isa = PBXFileReference; lastKnownFileType = sourcecode.swift; path = ViewController.swift; sourceTree = "<group>"; };
		AD6A90751D8662330066895E /* Base */ = {isa = PBXFileReference; lastKnownFileType = file.storyboard; name = Base; path = Base.lproj/Main.storyboard; sourceTree = "<group>"; };
		AD6A90771D8662330066895E /* Assets.xcassets */ = {isa = PBXFileReference; lastKnownFileType = folder.assetcatalog; path = Assets.xcassets; sourceTree = "<group>"; };
		AD6A907A1D8662330066895E /* Base */ = {isa = PBXFileReference; lastKnownFileType = file.storyboard; name = Base; path = Base.lproj/LaunchScreen.storyboard; sourceTree = "<group>"; };
		AD6A907C1D8662330066895E /* Info.plist */ = {isa = PBXFileReference; lastKnownFileType = text.plist.xml; path = Info.plist; sourceTree = "<group>"; };
		AD6A90811D8662330066895E /* TipCalculatorTests.xctest */ = {isa = PBXFileReference; explicitFileType = wrapper.cfbundle; includeInIndex = 0; path = TipCalculatorTests.xctest; sourceTree = BUILT_PRODUCTS_DIR; };
		AD6A90851D8662330066895E /* TipCalculatorTests.swift */ = {isa = PBXFileReference; lastKnownFileType = sourcecode.swift; path = TipCalculatorTests.swift; sourceTree = "<group>"; };
		AD6A90871D8662330066895E /* Info.plist */ = {isa = PBXFileReference; lastKnownFileType = text.plist.xml; path = Info.plist; sourceTree = "<group>"; };
		AD6A908C1D8662330066895E /* TipCalculatorUITests.xctest */ = {isa = PBXFileReference; explicitFileType = wrapper.cfbundle; includeInIndex = 0; path = TipCalculatorUITests.xctest; sourceTree = BUILT_PRODUCTS_DIR; };
		AD6A90901D8662330066895E /* TipCalculatorUITests.swift */ = {isa = PBXFileReference; lastKnownFileType = sourcecode.swift; path = TipCalculatorUITests.swift; sourceTree = "<group>"; };
		AD6A90921D8662330066895E /* Info.plist */ = {isa = PBXFileReference; lastKnownFileType = text.plist.xml; path = Info.plist; sourceTree = "<group>"; };
		AD6A90A01D86703B0066895E /* SettingViewController.swift */ = {isa = PBXFileReference; fileEncoding = 4; lastKnownFileType = sourcecode.swift; name = SettingViewController.swift; path = ../SettingViewController.swift; sourceTree = "<group>"; };
/* End PBXFileReference section */

/* Begin PBXFrameworksBuildPhase section */
		AD6A906A1D8662320066895E /* Frameworks */ = {
			isa = PBXFrameworksBuildPhase;
			buildActionMask = 2147483647;
			files = (
			);
			runOnlyForDeploymentPostprocessing = 0;
		};
		AD6A907E1D8662330066895E /* Frameworks */ = {
			isa = PBXFrameworksBuildPhase;
			buildActionMask = 2147483647;
			files = (
			);
			runOnlyForDeploymentPostprocessing = 0;
		};
		AD6A90891D8662330066895E /* Frameworks */ = {
			isa = PBXFrameworksBuildPhase;
			buildActionMask = 2147483647;
			files = (
			);
			runOnlyForDeploymentPostprocessing = 0;
		};
/* End PBXFrameworksBuildPhase section */

/* Begin PBXGroup section */
		AD6A90641D8662320066895E = {
			isa = PBXGroup;
			children = (
				AD6A906F1D8662330066895E /* TipCalculator */,
				AD6A90841D8662330066895E /* TipCalculatorTests */,
				AD6A908F1D8662330066895E /* TipCalculatorUITests */,
				AD6A906E1D8662330066895E /* Products */,
			);
			sourceTree = "<group>";
		};
		AD6A906E1D8662330066895E /* Products */ = {
			isa = PBXGroup;
			children = (
				AD6A906D1D8662330066895E /* TipCalculator.app */,
				AD6A90811D8662330066895E /* TipCalculatorTests.xctest */,
				AD6A908C1D8662330066895E /* TipCalculatorUITests.xctest */,
			);
			name = Products;
			sourceTree = "<group>";
		};
		AD6A906F1D8662330066895E /* TipCalculator */ = {
			isa = PBXGroup;
			children = (
				AD6A90701D8662330066895E /* AppDelegate.swift */,
				AD6A90721D8662330066895E /* ViewController.swift */,
				AD6A90A01D86703B0066895E /* SettingViewController.swift */,
				AD6A90741D8662330066895E /* Main.storyboard */,
				AD6A90771D8662330066895E /* Assets.xcassets */,
				AD6A90791D8662330066895E /* LaunchScreen.storyboard */,
				AD6A907C1D8662330066895E /* Info.plist */,
			);
			path = TipCalculator;
			sourceTree = "<group>";
		};
		AD6A90841D8662330066895E /* TipCalculatorTests */ = {
			isa = PBXGroup;
			children = (
				AD6A90851D8662330066895E /* TipCalculatorTests.swift */,
				AD6A90871D8662330066895E /* Info.plist */,
			);
			path = TipCalculatorTests;
			sourceTree = "<group>";
		};
		AD6A908F1D8662330066895E /* TipCalculatorUITests */ = {
			isa = PBXGroup;
			children = (
				AD6A90901D8662330066895E /* TipCalculatorUITests.swift */,
				AD6A90921D8662330066895E /* Info.plist */,
			);
			path = TipCalculatorUITests;
			sourceTree = "<group>";
		};
/* End PBXGroup section */

/* Begin PBXNativeTarget section */
		AD6A906C1D8662320066895E /* TipCalculator */ = {
			isa = PBXNativeTarget;
			buildConfigurationList = AD6A90951D8662330066895E /* Build configuration list for PBXNativeTarget "TipCalculator" */;
			buildPhases = (
				AD6A90691D8662320066895E /* Sources */,
				AD6A906A1D8662320066895E /* Frameworks */,
				AD6A906B1D8662320066895E /* Resources */,
			);
			buildRules = (
			);
			dependencies = (
			);
			name = TipCalculator;
			productName = TipCalculator;
			productReference = AD6A906D1D8662330066895E /* TipCalculator.app */;
			productType = "com.apple.product-type.application";
		};
		AD6A90801D8662330066895E /* TipCalculatorTests */ = {
			isa = PBXNativeTarget;
			buildConfigurationList = AD6A90981D8662330066895E /* Build configuration list for PBXNativeTarget "TipCalculatorTests" */;
			buildPhases = (
				AD6A907D1D8662330066895E /* Sources */,
				AD6A907E1D8662330066895E /* Frameworks */,
				AD6A907F1D8662330066895E /* Resources */,
			);
			buildRules = (
			);
			dependencies = (
				AD6A90831D8662330066895E /* PBXTargetDependency */,
			);
			name = TipCalculatorTests;
			productName = TipCalculatorTests;
			productReference = AD6A90811D8662330066895E /* TipCalculatorTests.xctest */;
			productType = "com.apple.product-type.bundle.unit-test";
		};
		AD6A908B1D8662330066895E /* TipCalculatorUITests */ = {
			isa = PBXNativeTarget;
			buildConfigurationList = AD6A909B1D8662330066895E /* Build configuration list for PBXNativeTarget "TipCalculatorUITests" */;
			buildPhases = (
				AD6A90881D8662330066895E /* Sources */,
				AD6A90891D8662330066895E /* Frameworks */,
				AD6A908A1D8662330066895E /* Resources */,
			);
			buildRules = (
			);
			dependencies = (
				AD6A908E1D8662330066895E /* PBXTargetDependency */,
			);
			name = TipCalculatorUITests;
			productName = TipCalculatorUITests;
			productReference = AD6A908C1D8662330066895E /* TipCalculatorUITests.xctest */;
			productType = "com.apple.product-type.bundle.ui-testing";
		};
/* End PBXNativeTarget section */

/* Begin PBXProject section */
		AD6A90651D8662320066895E /* Project object */ = {
			isa = PBXProject;
			attributes = {
				LastSwiftUpdateCheck = 0730;
				LastUpgradeCheck = 0800;
				ORGANIZATIONNAME = Zen;
				TargetAttributes = {
					AD6A906C1D8662320066895E = {
						CreatedOnToolsVersion = 7.3.1;
						LastSwiftMigration = 0800;
					};
					AD6A90801D8662330066895E = {
						CreatedOnToolsVersion = 7.3.1;
						LastSwiftMigration = 0800;
						TestTargetID = AD6A906C1D8662320066895E;
					};
					AD6A908B1D8662330066895E = {
						CreatedOnToolsVersion = 7.3.1;
						LastSwiftMigration = 0800;
						TestTargetID = AD6A906C1D8662320066895E;
					};
				};
			};
			buildConfigurationList = AD6A90681D8662320066895E /* Build configuration list for PBXProject "TipCalculator" */;
			compatibilityVersion = "Xcode 3.2";
			developmentRegion = English;
			hasScannedForEncodings = 0;
			knownRegions = (
				en,
				Base,
			);
			mainGroup = AD6A90641D8662320066895E;
			productRefGroup = AD6A906E1D8662330066895E /* Products */;
			projectDirPath = "";
			projectRoot = "";
			targets = (
				AD6A906C1D8662320066895E /* TipCalculator */,
				AD6A90801D8662330066895E /* TipCalculatorTests */,
				AD6A908B1D8662330066895E /* TipCalculatorUITests */,
			);
		};
/* End PBXProject section */

/* Begin PBXResourcesBuildPhase section */
		AD6A906B1D8662320066895E /* Resources */ = {
			isa = PBXResourcesBuildPhase;
			buildActionMask = 2147483647;
			files = (
				AD6A907B1D8662330066895E /* LaunchScreen.storyboard in Resources */,
				AD6A90781D8662330066895E /* Assets.xcassets in Resources */,
				AD6A90761D8662330066895E /* Main.storyboard in Resources */,
			);
			runOnlyForDeploymentPostprocessing = 0;
		};
		AD6A907F1D8662330066895E /* Resources */ = {
			isa = PBXResourcesBuildPhase;
			buildActionMask = 2147483647;
			files = (
			);
			runOnlyForDeploymentPostprocessing = 0;
		};
		AD6A908A1D8662330066895E /* Resources */ = {
			isa = PBXResourcesBuildPhase;
			buildActionMask = 2147483647;
			files = (
			);
			runOnlyForDeploymentPostprocessing = 0;
		};
/* End PBXResourcesBuildPhase section */

/* Begin PBXSourcesBuildPhase section */
		AD6A90691D8662320066895E /* Sources */ = {
			isa = PBXSourcesBuildPhase;
			buildActionMask = 2147483647;
			files = (
				AD6A90731D8662330066895E /* ViewController.swift in Sources */,
				AD6A90711D8662330066895E /* AppDelegate.swift in Sources */,
				AD6A90A11D86703B0066895E /* SettingViewController.swift in Sources */,
			);
			runOnlyForDeploymentPostprocessing = 0;
		};
		AD6A907D1D8662330066895E /* Sources */ = {
			isa = PBXSourcesBuildPhase;
			buildActionMask = 2147483647;
			files = (
				AD6A90861D8662330066895E /* TipCalculatorTests.swift in Sources */,
			);
			runOnlyForDeploymentPostprocessing = 0;
		};
		AD6A90881D8662330066895E /* Sources */ = {
			isa = PBXSourcesBuildPhase;
			buildActionMask = 2147483647;
			files = (
				AD6A90911D8662330066895E /* TipCalculatorUITests.swift in Sources */,
			);
			runOnlyForDeploymentPostprocessing = 0;
		};
/* End PBXSourcesBuildPhase section */

/* Begin PBXTargetDependency section */
		AD6A90831D8662330066895E /* PBXTargetDependency */ = {
			isa = PBXTargetDependency;
			target = AD6A906C1D8662320066895E /* TipCalculator */;
			targetProxy = AD6A90821D8662330066895E /* PBXContainerItemProxy */;
		};
		AD6A908E1D8662330066895E /* PBXTargetDependency */ = {
			isa = PBXTargetDependency;
			target = AD6A906C1D8662320066895E /* TipCalculator */;
			targetProxy = AD6A908D1D8662330066895E /* PBXContainerItemProxy */;
		};
/* End PBXTargetDependency section */

/* Begin PBXVariantGroup section */
		AD6A90741D8662330066895E /* Main.storyboard */ = {
			isa = PBXVariantGroup;
			children = (
				AD6A90751D8662330066895E /* Base */,
			);
			name = Main.storyboard;
			sourceTree = "<group>";
		};
		AD6A90791D8662330066895E /* LaunchScreen.storyboard */ = {
			isa = PBXVariantGroup;
			children = (
				AD6A907A1D8662330066895E /* Base */,
			);
			name = LaunchScreen.storyboard;
			sourceTree = "<group>";
		};
/* End PBXVariantGroup section */

/* Begin XCBuildConfiguration section */
		AD6A90931D8662330066895E /* Debug */ = {
			isa = XCBuildConfiguration;
			buildSettings = {
				ALWAYS_SEARCH_USER_PATHS = NO;
				CLANG_ANALYZER_NONNULL = YES;
				CLANG_CXX_LANGUAGE_STANDARD = "gnu++0x";
				CLANG_CXX_LIBRARY = "libc++";
				CLANG_ENABLE_MODULES = YES;
				CLANG_ENABLE_OBJC_ARC = YES;
				CLANG_WARN_BOOL_CONVERSION = YES;
				CLANG_WARN_CONSTANT_CONVERSION = YES;
				CLANG_WARN_DIRECT_OBJC_ISA_USAGE = YES_ERROR;
				CLANG_WARN_EMPTY_BODY = YES;
				CLANG_WARN_ENUM_CONVERSION = YES;
				CLANG_WARN_INFINITE_RECURSION = YES;
				CLANG_WARN_INT_CONVERSION = YES;
				CLANG_WARN_OBJC_ROOT_CLASS = YES_ERROR;
				CLANG_WARN_SUSPICIOUS_MOVE = YES;
				CLANG_WARN_UNREACHABLE_CODE = YES;
				CLANG_WARN__DUPLICATE_METHOD_MATCH = YES;
				"CODE_SIGN_IDENTITY[sdk=iphoneos*]" = "iPhone Developer";
				COPY_PHASE_STRIP = NO;
				DEBUG_INFORMATION_FORMAT = dwarf;
				ENABLE_STRICT_OBJC_MSGSEND = YES;
				ENABLE_TESTABILITY = YES;
				GCC_C_LANGUAGE_STANDARD = gnu99;
				GCC_DYNAMIC_NO_PIC = NO;
				GCC_NO_COMMON_BLOCKS = YES;
				GCC_OPTIMIZATION_LEVEL = 0;
				GCC_PREPROCESSOR_DEFINITIONS = (
					"DEBUG=1",
					"$(inherited)",
				);
				GCC_WARN_64_TO_32_BIT_CONVERSION = YES;
				GCC_WARN_ABOUT_RETURN_TYPE = YES_ERROR;
				GCC_WARN_UNDECLARED_SELECTOR = YES;
				GCC_WARN_UNINITIALIZED_AUTOS = YES_AGGRESSIVE;
				GCC_WARN_UNUSED_FUNCTION = YES;
				GCC_WARN_UNUSED_VARIABLE = YES;
				IPHONEOS_DEPLOYMENT_TARGET = 9.3;
				MTL_ENABLE_DEBUG_INFO = YES;
				ONLY_ACTIVE_ARCH = YES;
				SDKROOT = iphoneos;
				SWIFT_OPTIMIZATION_LEVEL = "-Onone";
			};
			name = Debug;
		};
		AD6A90941D8662330066895E /* Release */ = {
			isa = XCBuildConfiguration;
			buildSettings = {
				ALWAYS_SEARCH_USER_PATHS = NO;
				CLANG_ANALYZER_NONNULL = YES;
				CLANG_CXX_LANGUAGE_STANDARD = "gnu++0x";
				CLANG_CXX_LIBRARY = "libc++";
				CLANG_ENABLE_MODULES = YES;
				CLANG_ENABLE_OBJC_ARC = YES;
				CLANG_WARN_BOOL_CONVERSION = YES;
				CLANG_WARN_CONSTANT_CONVERSION = YES;
				CLANG_WARN_DIRECT_OBJC_ISA_USAGE = YES_ERROR;
				CLANG_WARN_EMPTY_BODY = YES;
				CLANG_WARN_ENUM_CONVERSION = YES;
				CLANG_WARN_INFINITE_RECURSION = YES;
				CLANG_WARN_INT_CONVERSION = YES;
				CLANG_WARN_OBJC_ROOT_CLASS = YES_ERROR;
				CLANG_WARN_SUSPICIOUS_MOVE = YES;
				CLANG_WARN_UNREACHABLE_CODE = YES;
				CLANG_WARN__DUPLICATE_METHOD_MATCH = YES;
				"CODE_SIGN_IDENTITY[sdk=iphoneos*]" = "iPhone Developer";
				COPY_PHASE_STRIP = NO;
				DEBUG_INFORMATION_FORMAT = "dwarf-with-dsym";
				ENABLE_NS_ASSERTIONS = NO;
				ENABLE_STRICT_OBJC_MSGSEND = YES;
				GCC_C_LANGUAGE_STANDARD = gnu99;
				GCC_NO_COMMON_BLOCKS = YES;
				GCC_WARN_64_TO_32_BIT_CONVERSION = YES;
				GCC_WARN_ABOUT_RETURN_TYPE = YES_ERROR;
				GCC_WARN_UNDECLARED_SELECTOR = YES;
				GCC_WARN_UNINITIALIZED_AUTOS = YES_AGGRESSIVE;
				GCC_WARN_UNUSED_FUNCTION = YES;
				GCC_WARN_UNUSED_VARIABLE = YES;
				IPHONEOS_DEPLOYMENT_TARGET = 9.3;
				MTL_ENABLE_DEBUG_INFO = NO;
				SDKROOT = iphoneos;
				SWIFT_OPTIMIZATION_LEVEL = "-Owholemodule";
				VALIDATE_PRODUCT = YES;
			};
			name = Release;
		};
		AD6A90961D8662330066895E /* Debug */ = {
			isa = XCBuildConfiguration;
			buildSettings = {
				ASSETCATALOG_COMPILER_APPICON_NAME = AppIcon;
				INFOPLIST_FILE = TipCalculator/Info.plist;
				LD_RUNPATH_SEARCH_PATHS = "$(inherited) @executable_path/Frameworks";
				PRODUCT_BUNDLE_IDENTIFIER = com.zen.TipCalculator;
				PRODUCT_NAME = "$(TARGET_NAME)";
				SWIFT_VERSION = 2.3;
			};
			name = Debug;
		};
		AD6A90971D8662330066895E /* Release */ = {
			isa = XCBuildConfiguration;
			buildSettings = {
				ASSETCATALOG_COMPILER_APPICON_NAME = AppIcon;
				INFOPLIST_FILE = TipCalculator/Info.plist;
				LD_RUNPATH_SEARCH_PATHS = "$(inherited) @executable_path/Frameworks";
				PRODUCT_BUNDLE_IDENTIFIER = com.zen.TipCalculator;
				PRODUCT_NAME = "$(TARGET_NAME)";
				SWIFT_VERSION = 2.3;
			};
			name = Release;
		};
		AD6A90991D8662330066895E /* Debug */ = {
			isa = XCBuildConfiguration;
			buildSettings = {
				BUNDLE_LOADER = "$(TEST_HOST)";
				INFOPLIST_FILE = TipCalculatorTests/Info.plist;
				LD_RUNPATH_SEARCH_PATHS = "$(inherited) @executable_path/Frameworks @loader_path/Frameworks";
				PRODUCT_BUNDLE_IDENTIFIER = com.zen.TipCalculatorTests;
				PRODUCT_NAME = "$(TARGET_NAME)";
				SWIFT_VERSION = 2.3;
				TEST_HOST = "$(BUILT_PRODUCTS_DIR)/TipCalculator.app/TipCalculator";
			};
			name = Debug;
		};
		AD6A909A1D8662330066895E /* Release */ = {
			isa = XCBuildConfiguration;
			buildSettings = {
				BUNDLE_LOADER = "$(TEST_HOST)";
				INFOPLIST_FILE = TipCalculatorTests/Info.plist;
				LD_RUNPATH_SEARCH_PATHS = "$(inherited) @executable_path/Frameworks @loader_path/Frameworks";
				PRODUCT_BUNDLE_IDENTIFIER = com.zen.TipCalculatorTests;
				PRODUCT_NAME = "$(TARGET_NAME)";
				SWIFT_VERSION = 2.3;
				TEST_HOST = "$(BUILT_PRODUCTS_DIR)/TipCalculator.app/TipCalculator";
			};
			name = Release;
		};
		AD6A909C1D8662330066895E /* Debug */ = {
			isa = XCBuildConfiguration;
			buildSettings = {
				INFOPLIST_FILE = TipCalculatorUITests/Info.plist;
				LD_RUNPATH_SEARCH_PATHS = "$(inherited) @executable_path/Frameworks @loader_path/Frameworks";
				PRODUCT_BUNDLE_IDENTIFIER = com.zen.TipCalculatorUITests;
				PRODUCT_NAME = "$(TARGET_NAME)";
				SWIFT_VERSION = 2.3;
				TEST_TARGET_NAME = TipCalculator;
			};
			name = Debug;
		};
		AD6A909D1D8662330066895E /* Release */ = {
			isa = XCBuildConfiguration;
			buildSettings = {
				INFOPLIST_FILE = TipCalculatorUITests/Info.plist;
				LD_RUNPATH_SEARCH_PATHS = "$(inherited) @executable_path/Frameworks @loader_path/Frameworks";
				PRODUCT_BUNDLE_IDENTIFIER = com.zen.TipCalculatorUITests;
				PRODUCT_NAME = "$(TARGET_NAME)";
				SWIFT_VERSION = 2.3;
				TEST_TARGET_NAME = TipCalculator;
			};
			name = Release;
		};
/* End XCBuildConfiguration section */

/* Begin XCConfigurationList section */
		AD6A90681D8662320066895E /* Build configuration list for PBXProject "TipCalculator" */ = {
			isa = XCConfigurationList;
			buildConfigurations = (
				AD6A90931D8662330066895E /* Debug */,
				AD6A90941D8662330066895E /* Release */,
			);
			defaultConfigurationIsVisible = 0;
			defaultConfigurationName = Release;
		};
		AD6A90951D8662330066895E /* Build configuration list for PBXNativeTarget "TipCalculator" */ = {
			isa = XCConfigurationList;
			buildConfigurations = (
				AD6A90961D8662330066895E /* Debug */,
				AD6A90971D8662330066895E /* Release */,
			);
			defaultConfigurationIsVisible = 0;
			defaultConfigurationName = Release;
		};
		AD6A90981D8662330066895E /* Build configuration list for PBXNativeTarget "TipCalculatorTests" */ = {
			isa = XCConfigurationList;
			buildConfigurations = (
				AD6A90991D8662330066895E /* Debug */,
				AD6A909A1D8662330066895E /* Release */,
			);
			defaultConfigurationIsVisible = 0;
			defaultConfigurationName = Release;
		};
		AD6A909B1D8662330066895E /* Build configuration list for PBXNativeTarget "TipCalculatorUITests" */ = {
			isa = XCConfigurationList;
			buildConfigurations = (
				AD6A909C1D8662330066895E /* Debug */,
				AD6A909D1D8662330066895E /* Release */,
			);
			defaultConfigurationIsVisible = 0;
			defaultConfigurationName = Release;
		};
/* End XCConfigurationList section */
	};
	rootObject = AD6A90651D8662320066895E /* Project object */;
}
